<?xml version="1.0" encoding="utf-8"?>
<Project ToolsVersion="4.0" xmlns="http://schemas.microsoft.com/developer/msbuild/2003">
  <ItemGroup>
    <Filter Include="Include">
      <UniqueIdentifier>{6917EFFE-D5F6-6D9A-DE0E-F9704A6DD4FB}</UniqueIdentifier>
    </Filter>
    <Filter Include="Include\TKernel">
      <UniqueIdentifier>{AD6BA9CB-19F7-1690-2208-9A848E127390}</UniqueIdentifier>
    </Filter>
    <Filter Include="Source">
      <UniqueIdentifier>{56EB95D1-428D-C0A7-2B48-D4FB178947F8}</UniqueIdentifier>
    </Filter>
    <Filter Include="Source\TKernel">
      <UniqueIdentifier>{9ADCA74C-86AA-9B52-6F3E-0C795BAB77B7}</UniqueIdentifier>
    </Filter>
  </ItemGroup>
  <ItemGroup>
    <ClInclude Include="Include\TKernel\TDList.h">
      <Filter>Include\TKernel</Filter>
    </ClInclude>
  </ItemGroup>
  <ItemGroup>
    <ClCompile Include="Source\TKernel\TDList.cpp">
      <Filter>Source\TKernel</Filter>
    </ClCompile>
  </ItemGroup>
</Project>