
Microsoft Visual Studio Solution File, Format Version 12.00
# Visual Studio Version 16
Project("{2150E333-8FDC-42A3-9474-1A3956D46DE8}") = "Engine", "Engine", "{8249BEE1-6EAC-4D86-1732-863C03741909}"
EndProject
Project("{8BC9CEB8-8B4A-11D0-8D11-00A0C91BC942}") = "OpenJPOG", "OpenJPOG\OpenJPOG.vcxproj", "{A7110805-93DE-6210-BCF7-50B8A823989E}"
EndProject
Project("{8BC9CEB8-8B4A-11D0-8D11-00A0C91BC942}") = "TKernel", "Toshi\TKernel.vcxproj", "{5A8332FC-C662-B197-CF7A-3C6E3BD917F9}"
EndProject
Project("{2150E333-8FDC-42A3-9474-1A3956D46DE8}") = "Third-Party", "Third-Party", "{64AB4291-D0C1-4027-1939-CC48858E11AF}"
EndProject
Project("{8BC9CEB8-8B4A-11D0-8D11-00A0C91BC942}") = "libogg", "Toshi\Vendor\libogg\libogg.vcxproj", "{99D86F0B-857A-9AE1-6E35-AE355A762132}"
EndProject
Project("{8BC9CEB8-8B4A-11D0-8D11-00A0C91BC942}") = "libtheora", "Toshi\Vendor\libtheora\libtheora.vcxproj", "{1F70918B-8BDA-4502-D418-F7A740C22357}"
EndProject
Project("{8BC9CEB8-8B4A-11D0-8D11-00A0C91BC942}") = "libvorbis", "Toshi\Vendor\libvorbis\libvorbis.vcxproj", "{7155C190-DDBF-7507-26FE-26AD92A7535C}"
EndProject
Project("{8BC9CEB8-8B4A-11D0-8D11-00A0C91BC942}") = "theoraplay", "Toshi\Vendor\theoraplay\theoraplay.vcxproj", "{7E828504-6A3A-C751-D341-A0ADBF186242}"
EndProject
Global
	GlobalSection(SolutionConfigurationPlatforms) = preSolution
		Debug|Windows = Debug|Windows
		Dist|Windows = Dist|Windows
		Release|Windows = Release|Windows
	EndGlobalSection
	GlobalSection(ProjectConfigurationPlatforms) = postSolution
		{A7110805-93DE-6210-BCF7-50B8A823989E}.Debug|Windows.ActiveCfg = Debug Windows|Win32
		{A7110805-93DE-6210-BCF7-50B8A823989E}.Debug|Windows.Build.0 = Debug Windows|Win32
		{A7110805-93DE-6210-BCF7-50B8A823989E}.Dist|Windows.ActiveCfg = Dist Windows|Win32
		{A7110805-93DE-6210-BCF7-50B8A823989E}.Dist|Windows.Build.0 = Dist Windows|Win32
		{A7110805-93DE-6210-BCF7-50B8A823989E}.Release|Windows.ActiveCfg = Release Windows|Win32
		{A7110805-93DE-6210-BCF7-50B8A823989E}.Release|Windows.Build.0 = Release Windows|Win32
		{5A8332FC-C662-B197-CF7A-3C6E3BD917F9}.Debug|Windows.ActiveCfg = Debug Windows|Win32
		{5A8332FC-C662-B197-CF7A-3C6E3BD917F9}.Debug|Windows.Build.0 = Debug Windows|Win32
		{5A8332FC-C662-B197-CF7A-3C6E3BD917F9}.Dist|Windows.ActiveCfg = Dist Windows|Win32
		{5A8332FC-C662-B197-CF7A-3C6E3BD917F9}.Dist|Windows.Build.0 = Dist Windows|Win32
		{5A8332FC-C662-B197-CF7A-3C6E3BD917F9}.Release|Windows.ActiveCfg = Release Windows|Win32
		{5A8332FC-C662-B197-CF7A-3C6E3BD917F9}.Release|Windows.Build.0 = Release Windows|Win32
		{99D86F0B-857A-9AE1-6E35-AE355A762132}.Debug|Windows.ActiveCfg = Debug Windows|Win32
		{99D86F0B-857A-9AE1-6E35-AE355A762132}.Debug|Windows.Build.0 = Debug Windows|Win32
		{99D86F0B-857A-9AE1-6E35-AE355A762132}.Dist|Windows.ActiveCfg = Dist Windows|Win32
		{99D86F0B-857A-9AE1-6E35-AE355A762132}.Dist|Windows.Build.0 = Dist Windows|Win32
		{99D86F0B-857A-9AE1-6E35-AE355A762132}.Release|Windows.ActiveCfg = Release Windows|Win32
		{99D86F0B-857A-9AE1-6E35-AE355A762132}.Release|Windows.Build.0 = Release Windows|Win32
		{1F70918B-8BDA-4502-D418-F7A740C22357}.Debug|Windows.ActiveCfg = Debug Windows|Win32
		{1F70918B-8BDA-4502-D418-F7A740C22357}.Debug|Windows.Build.0 = Debug Windows|Win32
		{1F70918B-8BDA-4502-D418-F7A740C22357}.Dist|Windows.ActiveCfg = Dist Windows|Win32
		{1F70918B-8BDA-4502-D418-F7A740C22357}.Dist|Windows.Build.0 = Dist Windows|Win32
		{1F70918B-8BDA-4502-D418-F7A740C22357}.Release|Windows.ActiveCfg = Release Windows|Win32
		{1F70918B-8BDA-4502-D418-F7A740C22357}.Release|Windows.Build.0 = Release Windows|Win32
		{7155C190-DDBF-7507-26FE-26AD92A7535C}.Debug|Windows.ActiveCfg = Debug Windows|Win32
		{7155C190-DDBF-7507-26FE-26AD92A7535C}.Debug|Windows.Build.0 = Debug Windows|Win32
		{7155C190-DDBF-7507-26FE-26AD92A7535C}.Dist|Windows.ActiveCfg = Dist Windows|Win32
		{7155C190-DDBF-7507-26FE-26AD92A7535C}.Dist|Windows.Build.0 = Dist Windows|Win32
		{7155C190-DDBF-7507-26FE-26AD92A7535C}.Release|Windows.ActiveCfg = Release Windows|Win32
		{7155C190-DDBF-7507-26FE-26AD92A7535C}.Release|Windows.Build.0 = Release Windows|Win32
		{7E828504-6A3A-C751-D341-A0ADBF186242}.Debug|Windows.ActiveCfg = Debug Windows|Win32
		{7E828504-6A3A-C751-D341-A0ADBF186242}.Debug|Windows.Build.0 = Debug Windows|Win32
		{7E828504-6A3A-C751-D341-A0ADBF186242}.Dist|Windows.ActiveCfg = Dist Windows|Win32
		{7E828504-6A3A-C751-D341-A0ADBF186242}.Dist|Windows.Build.0 = Dist Windows|Win32
		{7E828504-6A3A-C751-D341-A0ADBF186242}.Release|Windows.ActiveCfg = Release Windows|Win32
		{7E828504-6A3A-C751-D341-A0ADBF186242}.Release|Windows.Build.0 = Release Windows|Win32
	EndGlobalSection
	GlobalSection(SolutionProperties) = preSolution
		HideSolutionNode = FALSE
	EndGlobalSection
	GlobalSection(NestedProjects) = preSolution
		{A7110805-93DE-6210-BCF7-50B8A823989E} = {8249BEE1-6EAC-4D86-1732-863C03741909}
		{5A8332FC-C662-B197-CF7A-3C6E3BD917F9} = {8249BEE1-6EAC-4D86-1732-863C03741909}
		{99D86F0B-857A-9AE1-6E35-AE355A762132} = {64AB4291-D0C1-4027-1939-CC48858E11AF}
		{1F70918B-8BDA-4502-D418-F7A740C22357} = {64AB4291-D0C1-4027-1939-CC48858E11AF}
		{7155C190-DDBF-7507-26FE-26AD92A7535C} = {64AB4291-D0C1-4027-1939-CC48858E11AF}
		{7E828504-6A3A-C751-D341-A0ADBF186242} = {64AB4291-D0C1-4027-1939-CC48858E11AF}
	EndGlobalSection
EndGlobal
